
Microsoft Visual Studio Solution File, Format Version 12.00
# Visual Studio Version 17
VisualStudioVersion = 17.0.31825.309
MinimumVisualStudioVersion = 10.0.40219.1
Project("{2150E333-8FDC-42A3-9474-1A3956D46DE8}") = ".root", ".root", "{2FE3A5FA-64FA-4E6B-B199-652ACC4DC276}"
	ProjectSection(SolutionItems) = preProject
		.dockerignore = .dockerignore
		.editorconfig = .editorconfig
		.gitattributes = .gitattributes
		.gitignore = .gitignore
		Directory.Build.props = Directory.Build.props
		Directory.Build.targets = Directory.Build.targets
		LICENSE.md = LICENSE.md
		nuget.config = nuget.config
		README.md = README.md
	EndProjectSection
EndProject
Project("{2150E333-8FDC-42A3-9474-1A3956D46DE8}") = "build", "build", "{A515E8D4-3A79-4B2C-8F2A-7EBCB06FBB5E}"
EndProject
Project("{2150E333-8FDC-42A3-9474-1A3956D46DE8}") = "msbuild", "msbuild", "{92096A79-5098-4AD2-9701-B40D27B0F89C}"
	ProjectSection(SolutionItems) = preProject
		build\msbuild\DotNetVersionHelper.targets = build\msbuild\DotNetVersionHelper.targets
	EndProjectSection
EndProject
Project("{2150E333-8FDC-42A3-9474-1A3956D46DE8}") = "scripts", "scripts", "{32D6AB5C-81B3-475F-9871-AE5384815952}"
EndProject
Project("{2150E333-8FDC-42A3-9474-1A3956D46DE8}") = "dev", "dev", "{CEC726E3-F9B4-47C7-9610-5819DC21503F}"
EndProject
Project("{2150E333-8FDC-42A3-9474-1A3956D46DE8}") = "source", "source", "{7F73C65B-2171-4AF7-91D8-40EAB7425604}"
	ProjectSection(SolutionItems) = preProject
		source\Directory.Build.props = source\Directory.Build.props
		source\Directory.Build.targets = source\Directory.Build.targets
	EndProjectSection
EndProject
Project("{2150E333-8FDC-42A3-9474-1A3956D46DE8}") = "tests", "tests", "{511308EF-EBF4-4636-8A88-D6BD9E737FCC}"
	ProjectSection(SolutionItems) = preProject
		tests\.editorconfig = tests\.editorconfig
		tests\Directory.Build.props = tests\Directory.Build.props
		tests\Directory.Build.targets = tests\Directory.Build.targets
	EndProjectSection
EndProject
Project("{9A19103F-16F7-4668-BE54-9A1E7A4F7556}") = "Company.Product.WebApi.Data", "source\Data\Company.Product.WebApi.Data.csproj", "{7EF547FA-F422-438E-9D2C-3B22A8E524CC}"
EndProject
Project("{9A19103F-16F7-4668-BE54-9A1E7A4F7556}") = "Company.Product.WebApi.Api", "source\Api\Company.Product.WebApi.Api.csproj", "{84046279-3673-43A2-8742-EEA34E562885}"
EndProject
Project("{9A19103F-16F7-4668-BE54-9A1E7A4F7556}") = "Company.Product.WebApi.Common", "source\Common\Company.Product.WebApi.Common.csproj", "{0B79C3E2-E23A-4C4E-BCCD-8A5249AAA73A}"
EndProject
Project("{9A19103F-16F7-4668-BE54-9A1E7A4F7556}") = "Company.Product.WebApi.Api.UnitTests", "tests\Api.UnitTests\Company.Product.WebApi.Api.UnitTests.csproj", "{9D4D4430-EC31-4C44-AC05-FBAE0CA17437}"
EndProject
Project("{2150E333-8FDC-42A3-9474-1A3956D46DE8}") = "secrets", "secrets", "{F9DCC1F0-68A4-45EA-9310-A5EF5B2A0BD2}"
	ProjectSection(SolutionItems) = preProject
		scripts\dev\secrets\add-postgresql-connection-string.ps1 = scripts\dev\secrets\add-postgresql-connection-string.ps1
	EndProjectSection
EndProject
Project("{9A19103F-16F7-4668-BE54-9A1E7A4F7556}") = "Company.Product.WebApi.Common.UnitTests", "tests\Common.UnitTests\Company.Product.WebApi.Common.UnitTests.csproj", "{41634309-DA54-4143-93E3-1692DCD0CF0B}"
EndProject
Project("{9A19103F-16F7-4668-BE54-9A1E7A4F7556}") = "Company.Product.WebApi.Data.UnitTests", "tests\Data.UnitTests\Company.Product.WebApi.Data.UnitTests.csproj", "{9C88EC6D-6A4D-4E97-A7E7-7117C18C416A}"
EndProject
Project("{2150E333-8FDC-42A3-9474-1A3956D46DE8}") = "docker", "docker", "{F1D6E519-2B94-4CC6-929F-1457395CE8F8}"
	ProjectSection(SolutionItems) = preProject
		scripts\dev\docker\create-network.ps1 = scripts\dev\docker\create-network.ps1
		scripts\dev\docker\run-postgresql.ps1 = scripts\dev\docker\run-postgresql.ps1
		scripts\dev\docker\run-seq.ps1 = scripts\dev\docker\run-seq.ps1
	EndProjectSection
EndProject
Project("{2150E333-8FDC-42A3-9474-1A3956D46DE8}") = "security", "security", "{8C26E21F-B068-4EE9-A886-82E863D8D93B}"
	ProjectSection(SolutionItems) = preProject
		scripts\dev\security\dotnet-devcerts.ps1 = scripts\dev\security\dotnet-devcerts.ps1
	EndProjectSection
EndProject
Project("{9A19103F-16F7-4668-BE54-9A1E7A4F7556}") = "Company.Product.WebApi.ScheduledTasks", "source\ScheduledTasks\Company.Product.WebApi.ScheduledTasks.csproj", "{7E997562-BD67-42E6-A73F-BD21C57B043C}"
EndProject
Project("{9A19103F-16F7-4668-BE54-9A1E7A4F7556}") = "Company.Product.WebApi.ScheduledTasks.UnitTests", "tests\ScheduledTasks.UnitTests\Company.Product.WebApi.ScheduledTasks.UnitTests.csproj", "{ADD8A660-6830-47AD-B862-2516132EF4E6}"
EndProject
Global
	GlobalSection(SolutionConfigurationPlatforms) = preSolution
		Debug|Any CPU = Debug|Any CPU
		Release|Any CPU = Release|Any CPU
	EndGlobalSection
	GlobalSection(ProjectConfigurationPlatforms) = postSolution
		{7EF547FA-F422-438E-9D2C-3B22A8E524CC}.Debug|Any CPU.ActiveCfg = Debug|Any CPU
		{7EF547FA-F422-438E-9D2C-3B22A8E524CC}.Debug|Any CPU.Build.0 = Debug|Any CPU
		{7EF547FA-F422-438E-9D2C-3B22A8E524CC}.Release|Any CPU.ActiveCfg = Release|Any CPU
		{7EF547FA-F422-438E-9D2C-3B22A8E524CC}.Release|Any CPU.Build.0 = Release|Any CPU
		{84046279-3673-43A2-8742-EEA34E562885}.Debug|Any CPU.ActiveCfg = Debug|Any CPU
		{84046279-3673-43A2-8742-EEA34E562885}.Debug|Any CPU.Build.0 = Debug|Any CPU
		{84046279-3673-43A2-8742-EEA34E562885}.Release|Any CPU.ActiveCfg = Release|Any CPU
		{84046279-3673-43A2-8742-EEA34E562885}.Release|Any CPU.Build.0 = Release|Any CPU
		{0B79C3E2-E23A-4C4E-BCCD-8A5249AAA73A}.Debug|Any CPU.ActiveCfg = Debug|Any CPU
		{0B79C3E2-E23A-4C4E-BCCD-8A5249AAA73A}.Debug|Any CPU.Build.0 = Debug|Any CPU
		{0B79C3E2-E23A-4C4E-BCCD-8A5249AAA73A}.Release|Any CPU.ActiveCfg = Release|Any CPU
		{0B79C3E2-E23A-4C4E-BCCD-8A5249AAA73A}.Release|Any CPU.Build.0 = Release|Any CPU
		{9D4D4430-EC31-4C44-AC05-FBAE0CA17437}.Debug|Any CPU.ActiveCfg = Debug|Any CPU
		{9D4D4430-EC31-4C44-AC05-FBAE0CA17437}.Debug|Any CPU.Build.0 = Debug|Any CPU
		{9D4D4430-EC31-4C44-AC05-FBAE0CA17437}.Release|Any CPU.ActiveCfg = Release|Any CPU
		{9D4D4430-EC31-4C44-AC05-FBAE0CA17437}.Release|Any CPU.Build.0 = Release|Any CPU
		{41634309-DA54-4143-93E3-1692DCD0CF0B}.Debug|Any CPU.ActiveCfg = Debug|Any CPU
		{41634309-DA54-4143-93E3-1692DCD0CF0B}.Debug|Any CPU.Build.0 = Debug|Any CPU
		{41634309-DA54-4143-93E3-1692DCD0CF0B}.Release|Any CPU.ActiveCfg = Release|Any CPU
		{41634309-DA54-4143-93E3-1692DCD0CF0B}.Release|Any CPU.Build.0 = Release|Any CPU
		{9C88EC6D-6A4D-4E97-A7E7-7117C18C416A}.Debug|Any CPU.ActiveCfg = Debug|Any CPU
		{9C88EC6D-6A4D-4E97-A7E7-7117C18C416A}.Debug|Any CPU.Build.0 = Debug|Any CPU
		{9C88EC6D-6A4D-4E97-A7E7-7117C18C416A}.Release|Any CPU.ActiveCfg = Release|Any CPU
		{9C88EC6D-6A4D-4E97-A7E7-7117C18C416A}.Release|Any CPU.Build.0 = Release|Any CPU
		{7E997562-BD67-42E6-A73F-BD21C57B043C}.Debug|Any CPU.ActiveCfg = Debug|Any CPU
		{7E997562-BD67-42E6-A73F-BD21C57B043C}.Debug|Any CPU.Build.0 = Debug|Any CPU
		{7E997562-BD67-42E6-A73F-BD21C57B043C}.Release|Any CPU.ActiveCfg = Release|Any CPU
		{7E997562-BD67-42E6-A73F-BD21C57B043C}.Release|Any CPU.Build.0 = Release|Any CPU
		{ADD8A660-6830-47AD-B862-2516132EF4E6}.Debug|Any CPU.ActiveCfg = Debug|Any CPU
		{ADD8A660-6830-47AD-B862-2516132EF4E6}.Debug|Any CPU.Build.0 = Debug|Any CPU
		{ADD8A660-6830-47AD-B862-2516132EF4E6}.Release|Any CPU.ActiveCfg = Release|Any CPU
		{ADD8A660-6830-47AD-B862-2516132EF4E6}.Release|Any CPU.Build.0 = Release|Any CPU
	EndGlobalSection
	GlobalSection(SolutionProperties) = preSolution
		HideSolutionNode = FALSE
	EndGlobalSection
	GlobalSection(NestedProjects) = preSolution
		{92096A79-5098-4AD2-9701-B40D27B0F89C} = {A515E8D4-3A79-4B2C-8F2A-7EBCB06FBB5E}
		{CEC726E3-F9B4-47C7-9610-5819DC21503F} = {32D6AB5C-81B3-475F-9871-AE5384815952}
		{7EF547FA-F422-438E-9D2C-3B22A8E524CC} = {7F73C65B-2171-4AF7-91D8-40EAB7425604}
		{84046279-3673-43A2-8742-EEA34E562885} = {7F73C65B-2171-4AF7-91D8-40EAB7425604}
		{0B79C3E2-E23A-4C4E-BCCD-8A5249AAA73A} = {7F73C65B-2171-4AF7-91D8-40EAB7425604}
		{9D4D4430-EC31-4C44-AC05-FBAE0CA17437} = {511308EF-EBF4-4636-8A88-D6BD9E737FCC}
		{F9DCC1F0-68A4-45EA-9310-A5EF5B2A0BD2} = {CEC726E3-F9B4-47C7-9610-5819DC21503F}
		{41634309-DA54-4143-93E3-1692DCD0CF0B} = {511308EF-EBF4-4636-8A88-D6BD9E737FCC}
		{9C88EC6D-6A4D-4E97-A7E7-7117C18C416A} = {511308EF-EBF4-4636-8A88-D6BD9E737FCC}
		{F1D6E519-2B94-4CC6-929F-1457395CE8F8} = {CEC726E3-F9B4-47C7-9610-5819DC21503F}
		{8C26E21F-B068-4EE9-A886-82E863D8D93B} = {CEC726E3-F9B4-47C7-9610-5819DC21503F}
		{7E997562-BD67-42E6-A73F-BD21C57B043C} = {7F73C65B-2171-4AF7-91D8-40EAB7425604}
		{ADD8A660-6830-47AD-B862-2516132EF4E6} = {511308EF-EBF4-4636-8A88-D6BD9E737FCC}
	EndGlobalSection
	GlobalSection(ExtensibilityGlobals) = postSolution
		SolutionGuid = {71214B9F-4321-43D5-A12F-6362F8989208}
	EndGlobalSection
EndGlobal
